{
  "name": "django-boot",
  "version": "1.0.0",
  "lockfileVersion": 1,
  "requires": true,
  "dependencies": {
    "rollup-plugin-output-manifest": {
      "version": "1.0.2",
      "resolved": "https://registry.npmjs.org/rollup-plugin-output-manifest/-/rollup-plugin-output-manifest-1.0.2.tgz",
      "integrity": "sha512-vRZamZW60hJnnFFSF3ycFwPnsiGlTiUHg9dWfGFBXOA9tstKTyG7ZheD4pHA1NFgK/uHG099cmSzZ9LgG8lOiQ==",
      "dev": true,
      "requires": {
        "tslib": "^1.10.0"
      }
    },
    "tslib": {
      "version": "1.13.0",
      "resolved": "https://registry.npmjs.org/tslib/-/tslib-1.13.0.tgz",
      "integrity": "sha512-i/6DQjL8Xf3be4K/E6Wgpekn5Qasl1usyw++dAA35Ue5orEn65VIxOA+YvNNl9HV3qv70T7CNwjODHZrLwvd1Q==",
      "dev": true
    }
  }
}
